{
	"name": "kakoune-mode",
	"version": "0.0.1",
	"lockfileVersion": 1,
	"requires": true,
	"dependencies": {
		"@glennsl/bs-json": {
			"version": "5.0.2",
			"resolved": "https://registry.npmjs.org/@glennsl/bs-json/-/bs-json-5.0.2.tgz",
			"integrity": "sha512-vVlHJNrhmwvhyea14YiV4L5pDLjqw1edE3GzvMxlbPPQZVhzgO3sTWrUxCpQd2gV+CkMfk4FHBYunx9nWtBoDg=="
		},
		"bs-platform": {
			"version": "7.1.1",
			"resolved": "https://registry.npmjs.org/bs-platform/-/bs-platform-7.1.1.tgz",
			"integrity": "sha512-ckZHR3J+yxyEKXOBHX8+hfzWG2XX5BxhQ4Iw9lulHFGYdAm9Ep9LgKkIah7G6RYADLmVfTxFE48igvY3kkkl+g==",
			"dev": true
		}
	}
}
